
Microsoft Visual Studio Solution File, Format Version 12.00
# Visual Studio Version 16
VisualStudioVersion = 16.0.28701.123
MinimumVisualStudioVersion = 10.0.40219.1
Project("{9A19103F-16F7-4668-BE54-9A1E7A4F7556}") = "SampleWeb", "SampleWeb\SampleWeb.csproj", "{3E617F33-3C36-4F6D-A3C4-061FBA0161BC}"
EndProject
Project("{9A19103F-16F7-4668-BE54-9A1E7A4F7556}") = "GraphQL.EntityFramework", "GraphQL.EntityFramework\GraphQL.EntityFramework.csproj", "{78AA3BA0-1468-4A66-A32F-454999FDD93B}"
EndProject
Global
	GlobalSection(SolutionConfigurationPlatforms) = preSolution
		Debug|Any CPU = Debug|Any CPU
		Release|Any CPU = Release|Any CPU
	EndGlobalSection
	GlobalSection(ProjectConfigurationPlatforms) = postSolution
		{3E617F33-3C36-4F6D-A3C4-061FBA0161BC}.Debug|Any CPU.ActiveCfg = Debug|Any CPU
		{3E617F33-3C36-4F6D-A3C4-061FBA0161BC}.Debug|Any CPU.Build.0 = Debug|Any CPU
		{3E617F33-3C36-4F6D-A3C4-061FBA0161BC}.Release|Any CPU.ActiveCfg = Release|Any CPU
		{3E617F33-3C36-4F6D-A3C4-061FBA0161BC}.Release|Any CPU.Build.0 = Release|Any CPU
		{78AA3BA0-1468-4A66-A32F-454999FDD93B}.Debug|Any CPU.ActiveCfg = Debug|Any CPU
		{78AA3BA0-1468-4A66-A32F-454999FDD93B}.Debug|Any CPU.Build.0 = Debug|Any CPU
		{78AA3BA0-1468-4A66-A32F-454999FDD93B}.Release|Any CPU.ActiveCfg = Release|Any CPU
		{78AA3BA0-1468-4A66-A32F-454999FDD93B}.Release|Any CPU.Build.0 = Release|Any CPU
	EndGlobalSection
	GlobalSection(SolutionProperties) = preSolution
		HideSolutionNode = FALSE
	EndGlobalSection
	GlobalSection(ExtensibilityGlobals) = postSolution
		SolutionGuid = {8B33831F-840F-4DB8-8EB9-F3D4C3EC205C}
	EndGlobalSection
EndGlobal
